// !$*UTF8*$!
{
	archiveVersion = 1;
	classes = {
	};
	objectVersion = 50;
	objects = {

/* Begin PBXBuildFile section */
		5233757E2173E868004C8167 /* AppDelegate.swift in Sources */ = {isa = PBXBuildFile; fileRef = 5233757D2173E868004C8167 /* AppDelegate.swift */; };
		523375802173E868004C8167 /* ViewController.swift in Sources */ = {isa = PBXBuildFile; fileRef = 5233757F2173E868004C8167 /* ViewController.swift */; };
		523375832173E868004C8167 /* Main.storyboard in Resources */ = {isa = PBXBuildFile; fileRef = 523375812173E868004C8167 /* Main.storyboard */; };
		523375852173E869004C8167 /* Assets.xcassets in Resources */ = {isa = PBXBuildFile; fileRef = 523375842173E869004C8167 /* Assets.xcassets */; };
		523375882173E869004C8167 /* LaunchScreen.storyboard in Resources */ = {isa = PBXBuildFile; fileRef = 523375862173E869004C8167 /* LaunchScreen.storyboard */; };
		523375932173E869004C8167 /* ARDrawingTests.swift in Sources */ = {isa = PBXBuildFile; fileRef = 523375922173E869004C8167 /* ARDrawingTests.swift */; };
		5233759E2173E869004C8167 /* ARDrawingUITests.swift in Sources */ = {isa = PBXBuildFile; fileRef = 5233759D2173E869004C8167 /* ARDrawingUITests.swift */; };
/* End PBXBuildFile section */

/* Begin PBXContainerItemProxy section */
		5233758F2173E869004C8167 /* PBXContainerItemProxy */ = {
			isa = PBXContainerItemProxy;
			containerPortal = 523375722173E868004C8167 /* Project object */;
			proxyType = 1;
			remoteGlobalIDString = 523375792173E868004C8167;
			remoteInfo = ARDrawing;
		};
		5233759A2173E869004C8167 /* PBXContainerItemProxy */ = {
			isa = PBXContainerItemProxy;
			containerPortal = 523375722173E868004C8167 /* Project object */;
			proxyType = 1;
			remoteGlobalIDString = 523375792173E868004C8167;
			remoteInfo = ARDrawing;
		};
/* End PBXContainerItemProxy section */

/* Begin PBXFileReference section */
		5233757A2173E868004C8167 /* ARDrawing.app */ = {isa = PBXFileReference; explicitFileType = wrapper.application; includeInIndex = 0; path = ARDrawing.app; sourceTree = BUILT_PRODUCTS_DIR; };
		5233757D2173E868004C8167 /* AppDelegate.swift */ = {isa = PBXFileReference; lastKnownFileType = sourcecode.swift; path = AppDelegate.swift; sourceTree = "<group>"; };
		5233757F2173E868004C8167 /* ViewController.swift */ = {isa = PBXFileReference; lastKnownFileType = sourcecode.swift; path = ViewController.swift; sourceTree = "<group>"; };
		523375822173E868004C8167 /* Base */ = {isa = PBXFileReference; lastKnownFileType = file.storyboard; name = Base; path = Base.lproj/Main.storyboard; sourceTree = "<group>"; };
		523375842173E869004C8167 /* Assets.xcassets */ = {isa = PBXFileReference; lastKnownFileType = folder.assetcatalog; path = Assets.xcassets; sourceTree = "<group>"; };
		523375872173E869004C8167 /* Base */ = {isa = PBXFileReference; lastKnownFileType = file.storyboard; name = Base; path = Base.lproj/LaunchScreen.storyboard; sourceTree = "<group>"; };
		523375892173E869004C8167 /* Info.plist */ = {isa = PBXFileReference; lastKnownFileType = text.plist.xml; path = Info.plist; sourceTree = "<group>"; };
		5233758E2173E869004C8167 /* ARDrawingTests.xctest */ = {isa = PBXFileReference; explicitFileType = wrapper.cfbundle; includeInIndex = 0; path = ARDrawingTests.xctest; sourceTree = BUILT_PRODUCTS_DIR; };
		523375922173E869004C8167 /* ARDrawingTests.swift */ = {isa = PBXFileReference; lastKnownFileType = sourcecode.swift; path = ARDrawingTests.swift; sourceTree = "<group>"; };
		523375942173E869004C8167 /* Info.plist */ = {isa = PBXFileReference; lastKnownFileType = text.plist.xml; path = Info.plist; sourceTree = "<group>"; };
		523375992173E869004C8167 /* ARDrawingUITests.xctest */ = {isa = PBXFileReference; explicitFileType = wrapper.cfbundle; includeInIndex = 0; path = ARDrawingUITests.xctest; sourceTree = BUILT_PRODUCTS_DIR; };
		5233759D2173E869004C8167 /* ARDrawingUITests.swift */ = {isa = PBXFileReference; lastKnownFileType = sourcecode.swift; path = ARDrawingUITests.swift; sourceTree = "<group>"; };
		5233759F2173E869004C8167 /* Info.plist */ = {isa = PBXFileReference; lastKnownFileType = text.plist.xml; path = Info.plist; sourceTree = "<group>"; };
/* End PBXFileReference section */

/* Begin PBXFrameworksBuildPhase section */
		523375772173E868004C8167 /* Frameworks */ = {
			isa = PBXFrameworksBuildPhase;
			buildActionMask = 2147483647;
			files = (
			);
			runOnlyForDeploymentPostprocessing = 0;
		};
		5233758B2173E869004C8167 /* Frameworks */ = {
			isa = PBXFrameworksBuildPhase;
			buildActionMask = 2147483647;
			files = (
			);
			runOnlyForDeploymentPostprocessing = 0;
		};
		523375962173E869004C8167 /* Frameworks */ = {
			isa = PBXFrameworksBuildPhase;
			buildActionMask = 2147483647;
			files = (
			);
			runOnlyForDeploymentPostprocessing = 0;
		};
/* End PBXFrameworksBuildPhase section */

/* Begin PBXGroup section */
		523375712173E868004C8167 = {
			isa = PBXGroup;
			children = (
				5233757C2173E868004C8167 /* ARDrawing */,
				523375912173E869004C8167 /* ARDrawingTests */,
				5233759C2173E869004C8167 /* ARDrawingUITests */,
				5233757B2173E868004C8167 /* Products */,
			);
			sourceTree = "<group>";
		};
		5233757B2173E868004C8167 /* Products */ = {
			isa = PBXGroup;
			children = (
				5233757A2173E868004C8167 /* ARDrawing.app */,
				5233758E2173E869004C8167 /* ARDrawingTests.xctest */,
				523375992173E869004C8167 /* ARDrawingUITests.xctest */,
			);
			name = Products;
			sourceTree = "<group>";
		};
		5233757C2173E868004C8167 /* ARDrawing */ = {
			isa = PBXGroup;
			children = (
				5233757D2173E868004C8167 /* AppDelegate.swift */,
				5233757F2173E868004C8167 /* ViewController.swift */,
				523375812173E868004C8167 /* Main.storyboard */,
				523375842173E869004C8167 /* Assets.xcassets */,
				523375862173E869004C8167 /* LaunchScreen.storyboard */,
				523375892173E869004C8167 /* Info.plist */,
			);
			path = ARDrawing;
			sourceTree = "<group>";
		};
		523375912173E869004C8167 /* ARDrawingTests */ = {
			isa = PBXGroup;
			children = (
				523375922173E869004C8167 /* ARDrawingTests.swift */,
				523375942173E869004C8167 /* Info.plist */,
			);
			path = ARDrawingTests;
			sourceTree = "<group>";
		};
		5233759C2173E869004C8167 /* ARDrawingUITests */ = {
			isa = PBXGroup;
			children = (
				5233759D2173E869004C8167 /* ARDrawingUITests.swift */,
				5233759F2173E869004C8167 /* Info.plist */,
			);
			path = ARDrawingUITests;
			sourceTree = "<group>";
		};
/* End PBXGroup section */

/* Begin PBXNativeTarget section */
		523375792173E868004C8167 /* ARDrawing */ = {
			isa = PBXNativeTarget;
			buildConfigurationList = 523375A22173E869004C8167 /* Build configuration list for PBXNativeTarget "ARDrawing" */;
			buildPhases = (
				523375762173E868004C8167 /* Sources */,
				523375772173E868004C8167 /* Frameworks */,
				523375782173E868004C8167 /* Resources */,
			);
			buildRules = (
			);
			dependencies = (
			);
			name = ARDrawing;
			productName = ARDrawing;
			productReference = 5233757A2173E868004C8167 /* ARDrawing.app */;
			productType = "com.apple.product-type.application";
		};
		5233758D2173E869004C8167 /* ARDrawingTests */ = {
			isa = PBXNativeTarget;
			buildConfigurationList = 523375A52173E869004C8167 /* Build configuration list for PBXNativeTarget "ARDrawingTests" */;
			buildPhases = (
				5233758A2173E869004C8167 /* Sources */,
				5233758B2173E869004C8167 /* Frameworks */,
				5233758C2173E869004C8167 /* Resources */,
			);
			buildRules = (
			);
			dependencies = (
				523375902173E869004C8167 /* PBXTargetDependency */,
			);
			name = ARDrawingTests;
			productName = ARDrawingTests;
			productReference = 5233758E2173E869004C8167 /* ARDrawingTests.xctest */;
			productType = "com.apple.product-type.bundle.unit-test";
		};
		523375982173E869004C8167 /* ARDrawingUITests */ = {
			isa = PBXNativeTarget;
			buildConfigurationList = 523375A82173E869004C8167 /* Build configuration list for PBXNativeTarget "ARDrawingUITests" */;
			buildPhases = (
				523375952173E869004C8167 /* Sources */,
				523375962173E869004C8167 /* Frameworks */,
				523375972173E869004C8167 /* Resources */,
			);
			buildRules = (
			);
			dependencies = (
				5233759B2173E869004C8167 /* PBXTargetDependency */,
			);
			name = ARDrawingUITests;
			productName = ARDrawingUITests;
			productReference = 523375992173E869004C8167 /* ARDrawingUITests.xctest */;
			productType = "com.apple.product-type.bundle.ui-testing";
		};
/* End PBXNativeTarget section */

/* Begin PBXProject section */
		523375722173E868004C8167 /* Project object */ = {
			isa = PBXProject;
			attributes = {
				LastSwiftUpdateCheck = 1000;
				LastUpgradeCheck = 1000;
				ORGANIZATIONNAME = "Yacha Toueg";
				TargetAttributes = {
					523375792173E868004C8167 = {
						CreatedOnToolsVersion = 10.0;
					};
					5233758D2173E869004C8167 = {
						CreatedOnToolsVersion = 10.0;
						TestTargetID = 523375792173E868004C8167;
					};
					523375982173E869004C8167 = {
						CreatedOnToolsVersion = 10.0;
						TestTargetID = 523375792173E868004C8167;
					};
				};
			};
			buildConfigurationList = 523375752173E868004C8167 /* Build configuration list for PBXProject "ARDrawing" */;
			compatibilityVersion = "Xcode 9.3";
			developmentRegion = en;
			hasScannedForEncodings = 0;
			knownRegions = (
				en,
				Base,
			);
			mainGroup = 523375712173E868004C8167;
			productRefGroup = 5233757B2173E868004C8167 /* Products */;
			projectDirPath = "";
			projectRoot = "";
			targets = (
				523375792173E868004C8167 /* ARDrawing */,
				5233758D2173E869004C8167 /* ARDrawingTests */,
				523375982173E869004C8167 /* ARDrawingUITests */,
			);
		};
/* End PBXProject section */

/* Begin PBXResourcesBuildPhase section */
		523375782173E868004C8167 /* Resources */ = {
			isa = PBXResourcesBuildPhase;
			buildActionMask = 2147483647;
			files = (
				523375882173E869004C8167 /* LaunchScreen.storyboard in Resources */,
				523375852173E869004C8167 /* Assets.xcassets in Resources */,
				523375832173E868004C8167 /* Main.storyboard in Resources */,
			);
			runOnlyForDeploymentPostprocessing = 0;
		};
		5233758C2173E869004C8167 /* Resources */ = {
			isa = PBXResourcesBuildPhase;
			buildActionMask = 2147483647;
			files = (
			);
			runOnlyForDeploymentPostprocessing = 0;
		};
		523375972173E869004C8167 /* Resources */ = {
			isa = PBXResourcesBuildPhase;
			buildActionMask = 2147483647;
			files = (
			);
			runOnlyForDeploymentPostprocessing = 0;
		};
/* End PBXResourcesBuildPhase section */

/* Begin PBXSourcesBuildPhase section */
		523375762173E868004C8167 /* Sources */ = {
			isa = PBXSourcesBuildPhase;
			buildActionMask = 2147483647;
			files = (
				523375802173E868004C8167 /* ViewController.swift in Sources */,
				5233757E2173E868004C8167 /* AppDelegate.swift in Sources */,
			);
			runOnlyForDeploymentPostprocessing = 0;
		};
		5233758A2173E869004C8167 /* Sources */ = {
			isa = PBXSourcesBuildPhase;
			buildActionMask = 2147483647;
			files = (
				523375932173E869004C8167 /* ARDrawingTests.swift in Sources */,
			);
			runOnlyForDeploymentPostprocessing = 0;
		};
		523375952173E869004C8167 /* Sources */ = {
			isa = PBXSourcesBuildPhase;
			buildActionMask = 2147483647;
			files = (
				5233759E2173E869004C8167 /* ARDrawingUITests.swift in Sources */,
			);
			runOnlyForDeploymentPostprocessing = 0;
		};
/* End PBXSourcesBuildPhase section */

/* Begin PBXTargetDependency section */
		523375902173E869004C8167 /* PBXTargetDependency */ = {
			isa = PBXTargetDependency;
			target = 523375792173E868004C8167 /* ARDrawing */;
			targetProxy = 5233758F2173E869004C8167 /* PBXContainerItemProxy */;
		};
		5233759B2173E869004C8167 /* PBXTargetDependency */ = {
			isa = PBXTargetDependency;
			target = 523375792173E868004C8167 /* ARDrawing */;
			targetProxy = 5233759A2173E869004C8167 /* PBXContainerItemProxy */;
		};
/* End PBXTargetDependency section */

/* Begin PBXVariantGroup section */
		523375812173E868004C8167 /* Main.storyboard */ = {
			isa = PBXVariantGroup;
			children = (
				523375822173E868004C8167 /* Base */,
			);
			name = Main.storyboard;
			sourceTree = "<group>";
		};
		523375862173E869004C8167 /* LaunchScreen.storyboard */ = {
			isa = PBXVariantGroup;
			children = (
				523375872173E869004C8167 /* Base */,
			);
			name = LaunchScreen.storyboard;
			sourceTree = "<group>";
		};
/* End PBXVariantGroup section */

/* Begin XCBuildConfiguration section */
		523375A02173E869004C8167 /* Debug */ = {
			isa = XCBuildConfiguration;
			buildSettings = {
				ALWAYS_SEARCH_USER_PATHS = NO;
				CLANG_ANALYZER_NONNULL = YES;
				CLANG_ANALYZER_NUMBER_OBJECT_CONVERSION = YES_AGGRESSIVE;
				CLANG_CXX_LANGUAGE_STANDARD = "gnu++14";
				CLANG_CXX_LIBRARY = "libc++";
				CLANG_ENABLE_MODULES = YES;
				CLANG_ENABLE_OBJC_ARC = YES;
				CLANG_ENABLE_OBJC_WEAK = YES;
				CLANG_WARN_BLOCK_CAPTURE_AUTORELEASING = YES;
				CLANG_WARN_BOOL_CONVERSION = YES;
				CLANG_WARN_COMMA = YES;
				CLANG_WARN_CONSTANT_CONVERSION = YES;
				CLANG_WARN_DEPRECATED_OBJC_IMPLEMENTATIONS = YES;
				CLANG_WARN_DIRECT_OBJC_ISA_USAGE = YES_ERROR;
				CLANG_WARN_DOCUMENTATION_COMMENTS = YES;
				CLANG_WARN_EMPTY_BODY = YES;
				CLANG_WARN_ENUM_CONVERSION = YES;
				CLANG_WARN_INFINITE_RECURSION = YES;
				CLANG_WARN_INT_CONVERSION = YES;
				CLANG_WARN_NON_LITERAL_NULL_CONVERSION = YES;
				CLANG_WARN_OBJC_IMPLICIT_RETAIN_SELF = YES;
				CLANG_WARN_OBJC_LITERAL_CONVERSION = YES;
				CLANG_WARN_OBJC_ROOT_CLASS = YES_ERROR;
				CLANG_WARN_RANGE_LOOP_ANALYSIS = YES;
				CLANG_WARN_STRICT_PROTOTYPES = YES;
				CLANG_WARN_SUSPICIOUS_MOVE = YES;
				CLANG_WARN_UNGUARDED_AVAILABILITY = YES_AGGRESSIVE;
				CLANG_WARN_UNREACHABLE_CODE = YES;
				CLANG_WARN__DUPLICATE_METHOD_MATCH = YES;
				CODE_SIGN_IDENTITY = "iPhone Developer";
				COPY_PHASE_STRIP = NO;
				DEBUG_INFORMATION_FORMAT = dwarf;
				ENABLE_STRICT_OBJC_MSGSEND = YES;
				ENABLE_TESTABILITY = YES;
				GCC_C_LANGUAGE_STANDARD = gnu11;
				GCC_DYNAMIC_NO_PIC = NO;
				GCC_NO_COMMON_BLOCKS = YES;
				GCC_OPTIMIZATION_LEVEL = 0;
				GCC_PREPROCESSOR_DEFINITIONS = (
					"DEBUG=1",
					"$(inherited)",
				);
				GCC_WARN_64_TO_32_BIT_CONVERSION = YES;
				GCC_WARN_ABOUT_RETURN_TYPE = YES_ERROR;
				GCC_WARN_UNDECLARED_SELECTOR = YES;
				GCC_WARN_UNINITIALIZED_AUTOS = YES_AGGRESSIVE;
				GCC_WARN_UNUSED_FUNCTION = YES;
				GCC_WARN_UNUSED_VARIABLE = YES;
				IPHONEOS_DEPLOYMENT_TARGET = 12.0;
				MTL_ENABLE_DEBUG_INFO = INCLUDE_SOURCE;
				MTL_FAST_MATH = YES;
				ONLY_ACTIVE_ARCH = YES;
				SDKROOT = iphoneos;
				SWIFT_ACTIVE_COMPILATION_CONDITIONS = DEBUG;
				SWIFT_OPTIMIZATION_LEVEL = "-Onone";
			};
			name = Debug;
		};
		523375A12173E869004C8167 /* Release */ = {
			isa = XCBuildConfiguration;
			buildSettings = {
				ALWAYS_SEARCH_USER_PATHS = NO;
				CLANG_ANALYZER_NONNULL = YES;
				CLANG_ANALYZER_NUMBER_OBJECT_CONVERSION = YES_AGGRESSIVE;
				CLANG_CXX_LANGUAGE_STANDARD = "gnu++14";
				CLANG_CXX_LIBRARY = "libc++";
				CLANG_ENABLE_MODULES = YES;
				CLANG_ENABLE_OBJC_ARC = YES;
				CLANG_ENABLE_OBJC_WEAK = YES;
				CLANG_WARN_BLOCK_CAPTURE_AUTORELEASING = YES;
				CLANG_WARN_BOOL_CONVERSION = YES;
				CLANG_WARN_COMMA = YES;
				CLANG_WARN_CONSTANT_CONVERSION = YES;
				CLANG_WARN_DEPRECATED_OBJC_IMPLEMENTATIONS = YES;
				CLANG_WARN_DIRECT_OBJC_ISA_USAGE = YES_ERROR;
				CLANG_WARN_DOCUMENTATION_COMMENTS = YES;
				CLANG_WARN_EMPTY_BODY = YES;
				CLANG_WARN_ENUM_CONVERSION = YES;
				CLANG_WARN_INFINITE_RECURSION = YES;
				CLANG_WARN_INT_CONVERSION = YES;
				CLANG_WARN_NON_LITERAL_NULL_CONVERSION = YES;
				CLANG_WARN_OBJC_IMPLICIT_RETAIN_SELF = YES;
				CLANG_WARN_OBJC_LITERAL_CONVERSION = YES;
				CLANG_WARN_OBJC_ROOT_CLASS = YES_ERROR;
				CLANG_WARN_RANGE_LOOP_ANALYSIS = YES;
				CLANG_WARN_STRICT_PROTOTYPES = YES;
				CLANG_WARN_SUSPICIOUS_MOVE = YES;
				CLANG_WARN_UNGUARDED_AVAILABILITY = YES_AGGRESSIVE;
				CLANG_WARN_UNREACHABLE_CODE = YES;
				CLANG_WARN__DUPLICATE_METHOD_MATCH = YES;
				CODE_SIGN_IDENTITY = "iPhone Developer";
				COPY_PHASE_STRIP = NO;
				DEBUG_INFORMATION_FORMAT = "dwarf-with-dsym";
				ENABLE_NS_ASSERTIONS = NO;
				ENABLE_STRICT_OBJC_MSGSEND = YES;
				GCC_C_LANGUAGE_STANDARD = gnu11;
				GCC_NO_COMMON_BLOCKS = YES;
				GCC_WARN_64_TO_32_BIT_CONVERSION = YES;
				GCC_WARN_ABOUT_RETURN_TYPE = YES_ERROR;
				GCC_WARN_UNDECLARED_SELECTOR = YES;
				GCC_WARN_UNINITIALIZED_AUTOS = YES_AGGRESSIVE;
				GCC_WARN_UNUSED_FUNCTION = YES;
				GCC_WARN_UNUSED_VARIABLE = YES;
				IPHONEOS_DEPLOYMENT_TARGET = 12.0;
				MTL_ENABLE_DEBUG_INFO = NO;
				MTL_FAST_MATH = YES;
				SDKROOT = iphoneos;
				SWIFT_COMPILATION_MODE = wholemodule;
				SWIFT_OPTIMIZATION_LEVEL = "-O";
				VALIDATE_PRODUCT = YES;
			};
			name = Release;
		};
		523375A32173E869004C8167 /* Debug */ = {
			isa = XCBuildConfiguration;
			buildSettings = {
				ASSETCATALOG_COMPILER_APPICON_NAME = AppIcon;
				CODE_SIGN_STYLE = Automatic;
				DEVELOPMENT_TEAM = 9M8WN42A3T;
				INFOPLIST_FILE = ARDrawing/Info.plist;
				LD_RUNPATH_SEARCH_PATHS = (
					"$(inherited)",
					"@executable_path/Frameworks",
				);
				PRODUCT_BUNDLE_IDENTIFIER = Yacha.ARDrawing;
				PRODUCT_NAME = "$(TARGET_NAME)";
				SWIFT_VERSION = 4.2;
				TARGETED_DEVICE_FAMILY = "1,2";
			};
			name = Debug;
		};
		523375A42173E869004C8167 /* Release */ = {
			isa = XCBuildConfiguration;
			buildSettings = {
				ASSETCATALOG_COMPILER_APPICON_NAME = AppIcon;
				CODE_SIGN_STYLE = Automatic;
				DEVELOPMENT_TEAM = 9M8WN42A3T;
				INFOPLIST_FILE = ARDrawing/Info.plist;
				LD_RUNPATH_SEARCH_PATHS = (
					"$(inherited)",
					"@executable_path/Frameworks",
				);
				PRODUCT_BUNDLE_IDENTIFIER = Yacha.ARDrawing;
				PRODUCT_NAME = "$(TARGET_NAME)";
				SWIFT_VERSION = 4.2;
				TARGETED_DEVICE_FAMILY = "1,2";
			};
			name = Release;
		};
		523375A62173E869004C8167 /* Debug */ = {
			isa = XCBuildConfiguration;
			buildSettings = {
				ALWAYS_EMBED_SWIFT_STANDARD_LIBRARIES = YES;
				BUNDLE_LOADER = "$(TEST_HOST)";
				CODE_SIGN_STYLE = Automatic;
				INFOPLIST_FILE = ARDrawingTests/Info.plist;
				LD_RUNPATH_SEARCH_PATHS = (
					"$(inherited)",
					"@executable_path/Frameworks",
					"@loader_path/Frameworks",
				);
				PRODUCT_BUNDLE_IDENTIFIER = Yacha.ARDrawingTests;
				PRODUCT_NAME = "$(TARGET_NAME)";
				SWIFT_VERSION = 4.2;
				TARGETED_DEVICE_FAMILY = "1,2";
				TEST_HOST = "$(BUILT_PRODUCTS_DIR)/ARDrawing.app/ARDrawing";
			};
			name = Debug;
		};
		523375A72173E869004C8167 /* Release */ = {
			isa = XCBuildConfiguration;
			buildSettings = {
				ALWAYS_EMBED_SWIFT_STANDARD_LIBRARIES = YES;
				BUNDLE_LOADER = "$(TEST_HOST)";
				CODE_SIGN_STYLE = Automatic;
				INFOPLIST_FILE = ARDrawingTests/Info.plist;
				LD_RUNPATH_SEARCH_PATHS = (
					"$(inherited)",
					"@executable_path/Frameworks",
					"@loader_path/Frameworks",
				);
				PRODUCT_BUNDLE_IDENTIFIER = Yacha.ARDrawingTests;
				PRODUCT_NAME = "$(TARGET_NAME)";
				SWIFT_VERSION = 4.2;
				TARGETED_DEVICE_FAMILY = "1,2";
				TEST_HOST = "$(BUILT_PRODUCTS_DIR)/ARDrawing.app/ARDrawing";
			};
			name = Release;
		};
		523375A92173E869004C8167 /* Debug */ = {
			isa = XCBuildConfiguration;
			buildSettings = {
				ALWAYS_EMBED_SWIFT_STANDARD_LIBRARIES = YES;
				CODE_SIGN_STYLE = Automatic;
				INFOPLIST_FILE = ARDrawingUITests/Info.plist;
				LD_RUNPATH_SEARCH_PATHS = (
					"$(inherited)",
					"@executable_path/Frameworks",
					"@loader_path/Frameworks",
				);
				PRODUCT_BUNDLE_IDENTIFIER = Yacha.ARDrawingUITests;
				PRODUCT_NAME = "$(TARGET_NAME)";
				SWIFT_VERSION = 4.2;
				TARGETED_DEVICE_FAMILY = "1,2";
				TEST_TARGET_NAME = ARDrawing;
			};
			name = Debug;
		};
		523375AA2173E869004C8167 /* Release */ = {
			isa = XCBuildConfiguration;
			buildSettings = {
				ALWAYS_EMBED_SWIFT_STANDARD_LIBRARIES = YES;
				CODE_SIGN_STYLE = Automatic;
				INFOPLIST_FILE = ARDrawingUITests/Info.plist;
				LD_RUNPATH_SEARCH_PATHS = (
					"$(inherited)",
					"@executable_path/Frameworks",
					"@loader_path/Frameworks",
				);
				PRODUCT_BUNDLE_IDENTIFIER = Yacha.ARDrawingUITests;
				PRODUCT_NAME = "$(TARGET_NAME)";
				SWIFT_VERSION = 4.2;
				TARGETED_DEVICE_FAMILY = "1,2";
				TEST_TARGET_NAME = ARDrawing;
			};
			name = Release;
		};
/* End XCBuildConfiguration section */

/* Begin XCConfigurationList section */
		523375752173E868004C8167 /* Build configuration list for PBXProject "ARDrawing" */ = {
			isa = XCConfigurationList;
			buildConfigurations = (
				523375A02173E869004C8167 /* Debug */,
				523375A12173E869004C8167 /* Release */,
			);
			defaultConfigurationIsVisible = 0;
			defaultConfigurationName = Release;
		};
		523375A22173E869004C8167 /* Build configuration list for PBXNativeTarget "ARDrawing" */ = {
			isa = XCConfigurationList;
			buildConfigurations = (
				523375A32173E869004C8167 /* Debug */,
				523375A42173E869004C8167 /* Release */,
			);
			defaultConfigurationIsVisible = 0;
			defaultConfigurationName = Release;
		};
		523375A52173E869004C8167 /* Build configuration list for PBXNativeTarget "ARDrawingTests" */ = {
			isa = XCConfigurationList;
			buildConfigurations = (
				523375A62173E869004C8167 /* Debug */,
				523375A72173E869004C8167 /* Release */,
			);
			defaultConfigurationIsVisible = 0;
			defaultConfigurationName = Release;
		};
		523375A82173E869004C8167 /* Build configuration list for PBXNativeTarget "ARDrawingUITests" */ = {
			isa = XCConfigurationList;
			buildConfigurations = (
				523375A92173E869004C8167 /* Debug */,
				523375AA2173E869004C8167 /* Release */,
			);
			defaultConfigurationIsVisible = 0;
			defaultConfigurationName = Release;
		};
/* End XCConfigurationList section */
	};
	rootObject = 523375722173E868004C8167 /* Project object */;
}
